
Microsoft Visual Studio Solution File, Format Version 12.00
# Visual Studio Version 17
VisualStudioVersion = 17.13.35825.156
MinimumVisualStudioVersion = 10.0.40219.1
Project("{FAE04EC0-301F-11D3-BF4B-00C04F79EFBC}") = "Invent coffee", "Invent coffee\Invent coffee.csproj", "{8F248BEB-54FF-4B00-9ADD-FF4F9B794CA1}"
EndProject
Global
	GlobalSection(SolutionConfigurationPlatforms) = preSolution
		Debug|Any CPU = Debug|Any CPU
		Release|Any CPU = Release|Any CPU
	EndGlobalSection
	GlobalSection(ProjectConfigurationPlatforms) = postSolution
		{8F248BEB-54FF-4B00-9ADD-FF4F9B794CA1}.Debug|Any CPU.ActiveCfg = Debug|Any CPU
		{8F248BEB-54FF-4B00-9ADD-FF4F9B794CA1}.Debug|Any CPU.Build.0 = Debug|Any CPU
		{8F248BEB-54FF-4B00-9ADD-FF4F9B794CA1}.Release|Any CPU.ActiveCfg = Release|Any CPU
		{8F248BEB-54FF-4B00-9ADD-FF4F9B794CA1}.Release|Any CPU.Build.0 = Release|Any CPU
	EndGlobalSection
	GlobalSection(SolutionProperties) = preSolution
		HideSolutionNode = FALSE
	EndGlobalSection
	GlobalSection(ExtensibilityGlobals) = postSolution
		SolutionGuid = {DB09F77A-1A95-483A-A516-B20781B7B6B6}
	EndGlobalSection
EndGlobal
